{
  "name": "deploy",
  "lockfileVersion": 2,
  "requires": true,
  "packages": {
    "": {
      "name": "deploy",
      "dependencies": {
        "@sap/hdi-deploy": "^4.*"
      }
    },
    "node_modules/@sap/hdi-deploy": {
      "version": "4.1.0",
      "resolved": "http://nginx-redirector.repo-cache.svc.cluster.local/repository/appstudio-npm-group/@sap/hdi-deploy/-/hdi-deploy-4.1.0.tgz",
      "integrity": "sha512-SefMBb+KeDFCzsOLT0zM7R/L+cJ2vEtZGUIh5QZ0En2MtLachpol/Z7hpV4ga1noXCJv+wMzy+frfQbYkVfliw==",
      "hasShrinkwrap": true,
      "license": "See LICENSE file",
      "dependencies": {
        "@sap/hana-client": "2.8.20",
        "@sap/hdi": "4.0.2",
        "@sap/xsenv": "3.1.0",
        "async": "3.1.0",
        "dotenv": "10.0.0",
        "handlebars": "4.7.7"
      },
      "engines": {
        "node": "^8.0.0 || ^10.0.0 || ^12.0.0 || ^14.0.0"
      }
    },
    "node_modules/@sap/hdi-deploy/node_modules/@sap/hana-client": {
      "version": "2.8.20",
      "dependencies": {
        "debug": "3.1.0"
      }
    },
    "node_modules/@sap/hdi-deploy/node_modules/@sap/hana-client/node_modules/debug": {
      "version": "3.1.0",
      "dependencies": {
        "ms": "2.0.0"
      }
    },
    "node_modules/@sap/hdi-deploy/node_modules/@sap/hana-client/node_modules/ms": {
      "version": "2.0.0"
    },
    "node_modules/@sap/hdi-deploy/node_modules/@sap/hdi": {
      "version": "4.0.2",
      "dependencies": {
        "async": "3.1.0"
      }
    },
    "node_modules/@sap/hdi-deploy/node_modules/@sap/xsenv": {
      "version": "3.1.0",
      "dependencies": {
        "debug": "3.1.0",
        "verror": "1.10.0"
      }
    },
    "node_modules/@sap/hdi-deploy/node_modules/@sap/xsenv/node_modules/debug": {
      "version": "3.1.0",
      "dependencies": {
        "ms": "2.0.0"
      }
    },
    "node_modules/@sap/hdi-deploy/node_modules/@sap/xsenv/node_modules/ms": {
      "version": "2.0.0"
    },
    "node_modules/@sap/hdi-deploy/node_modules/assert-plus": {
      "version": "1.0.0"
    },
    "node_modules/@sap/hdi-deploy/node_modules/async": {
      "version": "3.1.0"
    },
    "node_modules/@sap/hdi-deploy/node_modules/core-util-is": {
      "version": "1.0.2"
    },
    "node_modules/@sap/hdi-deploy/node_modules/dotenv": {
      "version": "10.0.0"
    },
    "node_modules/@sap/hdi-deploy/node_modules/extsprintf": {
      "version": "1.4.0"
    },
    "node_modules/@sap/hdi-deploy/node_modules/handlebars": {
      "version": "4.7.7",
      "dependencies": {
        "minimist": "^1.2.5",
        "neo-async": "^2.6.0",
        "source-map": "^0.6.1",
        "wordwrap": "^1.0.0"
      },
      "optionalDependencies": {
        "uglify-js": "^3.1.4"
      }
    },
    "node_modules/@sap/hdi-deploy/node_modules/minimist": {
      "version": "1.2.5"
    },
    "node_modules/@sap/hdi-deploy/node_modules/neo-async": {
      "version": "2.6.2"
    },
    "node_modules/@sap/hdi-deploy/node_modules/source-map": {
      "version": "0.6.1"
    },
    "node_modules/@sap/hdi-deploy/node_modules/uglify-js": {
      "version": "3.13.8",
      "optional": true
    },
    "node_modules/@sap/hdi-deploy/node_modules/verror": {
      "version": "1.10.0",
      "dependencies": {
        "assert-plus": "^1.0.0",
        "core-util-is": "1.0.2",
        "extsprintf": "^1.2.0"
      }
    },
    "node_modules/@sap/hdi-deploy/node_modules/wordwrap": {
      "version": "1.0.0"
    }
  },
  "dependencies": {
    "@sap/hdi-deploy": {
      "version": "4.1.0",
      "resolved": "http://nginx-redirector.repo-cache.svc.cluster.local/repository/appstudio-npm-group/@sap/hdi-deploy/-/hdi-deploy-4.1.0.tgz",
      "integrity": "sha512-SefMBb+KeDFCzsOLT0zM7R/L+cJ2vEtZGUIh5QZ0En2MtLachpol/Z7hpV4ga1noXCJv+wMzy+frfQbYkVfliw==",
      "requires": {
        "@sap/hana-client": "2.8.20",
        "@sap/hdi": "4.0.2",
        "@sap/xsenv": "3.1.0",
        "async": "3.1.0",
        "dotenv": "10.0.0",
        "handlebars": "4.7.7"
      },
      "dependencies": {
        "@sap/hana-client": {
          "version": "2.8.20",
          "requires": {
            "debug": "3.1.0"
          },
          "dependencies": {
            "debug": {
              "version": "3.1.0",
              "requires": {
                "ms": "2.0.0"
              }
            },
            "ms": {
              "version": "2.0.0"
            }
          }
        },
        "@sap/hdi": {
          "version": "4.0.2",
          "requires": {
            "async": "3.1.0"
          }
        },
        "@sap/xsenv": {
          "version": "3.1.0",
          "requires": {
            "debug": "3.1.0",
            "verror": "1.10.0"
          },
          "dependencies": {
            "debug": {
              "version": "3.1.0",
              "requires": {
                "ms": "2.0.0"
              }
            },
            "ms": {
              "version": "2.0.0"
            }
          }
        },
        "assert-plus": {
          "version": "1.0.0"
        },
        "async": {
          "version": "3.1.0"
        },
        "core-util-is": {
          "version": "1.0.2"
        },
        "dotenv": {
          "version": "10.0.0"
        },
        "extsprintf": {
          "version": "1.4.0"
        },
        "handlebars": {
          "version": "4.7.7",
          "requires": {
            "minimist": "^1.2.5",
            "neo-async": "^2.6.0",
            "source-map": "^0.6.1",
            "uglify-js": "^3.1.4",
            "wordwrap": "^1.0.0"
          }
        },
        "minimist": {
          "version": "1.2.5"
        },
        "neo-async": {
          "version": "2.6.2"
        },
        "source-map": {
          "version": "0.6.1"
        },
        "uglify-js": {
          "version": "3.13.8",
          "optional": true
        },
        "verror": {
          "version": "1.10.0",
          "requires": {
            "assert-plus": "^1.0.0",
            "core-util-is": "1.0.2",
            "extsprintf": "^1.2.0"
          }
        },
        "wordwrap": {
          "version": "1.0.0"
        }
      }
    }
  }
}
